PODS:
  - FlutterMacOS (1.0.0)
  - rust_lib_desktop_chat_client (0.0.1):
    - FlutterMacOS

DEPENDENCIES:
  - FlutterMacOS (from `Flutter/ephemeral`)
  - rust_lib_desktop_chat_client (from `Flutter/ephemeral/.symlinks/plugins/rust_lib_desktop_chat_client/macos`)

EXTERNAL SOURCES:
  FlutterMacOS:
    :path: Flutter/ephemeral
  rust_lib_desktop_chat_client:
    :path: Flutter/ephemeral/.symlinks/plugins/rust_lib_desktop_chat_client/macos

SPEC CHECKSUMS:
  FlutterMacOS: c232990155153907050900a2e175c7773903ba4e
  rust_lib_desktop_chat_client: 9b580d7998e6c53368ac960ffc54e1fd5bfe6acb

PODFILE CHECKSUM: 1e95c36afbfd1cb6423ceca4de7a8e1b256fb6ac

COCOAPODS: 1.11.3
